<?xml version="1.0" encoding="UTF-8"?>
<Project ToolsVersion="15.0" xmlns="http://schemas.microsoft.com/developer/msbuild/2003">
  <ItemGroup>
    <ClCompile Include="C:\Users\david\Desktop\tellescope_stuff\face\face.cpp">
      <Filter>Source Files</Filter>
    </ClCompile>
  </ItemGroup>
  <ItemGroup>
    <CustomBuild Include="C:\Users\david\Desktop\tellescope_stuff\face\CMakeLists.txt" />
  </ItemGroup>
  <ItemGroup>
    <Filter Include="Source Files">
      <UniqueIdentifier>{215C4C8A-D99B-3EC5-A8CA-905919E73934}</UniqueIdentifier>
    </Filter>
  </ItemGroup>
</Project>
